// !$*UTF8*$!
{
	archiveVersion = 1;
	classes = {
	};
	objectVersion = 50;
	objects = {

/* Begin PBXBuildFile section */
		DCBDD2218566FCC28C8DF918 /* libPods-WCCommon.a in Frameworks */ = {isa = PBXBuildFile; fileRef = B74CC060E588AAB8F7E9D12E /* libPods-WCCommon.a */; };
		F923C2A0258237B400D7EB44 /* QMUIConfigurationTemplatePinkRose.m in Sources */ = {isa = PBXBuildFile; fileRef = F923C295258237B400D7EB44 /* QMUIConfigurationTemplatePinkRose.m */; };
		F923C2A1258237B400D7EB44 /* QDThemeManager.m in Sources */ = {isa = PBXBuildFile; fileRef = F923C297258237B400D7EB44 /* QDThemeManager.m */; };
		F923C2A2258237B400D7EB44 /* QMUIConfigurationTemplateGrapefruit.m in Sources */ = {isa = PBXBuildFile; fileRef = F923C29B258237B400D7EB44 /* QMUIConfigurationTemplateGrapefruit.m */; };
		F923C2A3258237B400D7EB44 /* QMUIConfigurationTemplateGrass.m in Sources */ = {isa = PBXBuildFile; fileRef = F923C29D258237B400D7EB44 /* QMUIConfigurationTemplateGrass.m */; };
		F923C2A4258237B400D7EB44 /* QMUIConfigurationTemplateDark.m in Sources */ = {isa = PBXBuildFile; fileRef = F923C29E258237B400D7EB44 /* QMUIConfigurationTemplateDark.m */; };
		F923C2A8258238F900D7EB44 /* WCUIHelper.m in Sources */ = {isa = PBXBuildFile; fileRef = F923C2A7258238F900D7EB44 /* WCUIHelper.m */; };
		F923C2D325824BAE00D7EB44 /* QDThemeProtocol.h in CopyFiles */ = {isa = PBXBuildFile; fileRef = F923C298258237B400D7EB44 /* QDThemeProtocol.h */; };
		F94E6DBA2586158100C48935 /* WCBaseResHelper.m in Sources */ = {isa = PBXBuildFile; fileRef = F94E6DB92586158100C48935 /* WCBaseResHelper.m */; };
		F94E6DC0258615D100C48935 /* WCResProtocol.h in CopyFiles */ = {isa = PBXBuildFile; fileRef = F94E6DB6258613CA00C48935 /* WCResProtocol.h */; };
		F94E6DC2258615D900C48935 /* WCBaseResHelper.h in CopyFiles */ = {isa = PBXBuildFile; fileRef = F94E6DB82586158100C48935 /* WCBaseResHelper.h */; };
		F9B2484925834637001898B9 /* WCCommonGroupListViewController.m in Sources */ = {isa = PBXBuildFile; fileRef = F9B2483925834637001898B9 /* WCCommonGroupListViewController.m */; };
		F9B2484A25834637001898B9 /* WCCommonViewController.m in Sources */ = {isa = PBXBuildFile; fileRef = F9B2483C25834637001898B9 /* WCCommonViewController.m */; };
		F9B2484B25834637001898B9 /* WCCommonGridViewController.m in Sources */ = {isa = PBXBuildFile; fileRef = F9B2483F25834637001898B9 /* WCCommonGridViewController.m */; };
		F9B2484C25834637001898B9 /* WCStyleSelectableTableViewController.m in Sources */ = {isa = PBXBuildFile; fileRef = F9B2484025834637001898B9 /* WCStyleSelectableTableViewController.m */; };
		F9B2484D25834637001898B9 /* WCTabBarViewController.m in Sources */ = {isa = PBXBuildFile; fileRef = F9B2484125834637001898B9 /* WCTabBarViewController.m */; };
		F9B2484E25834637001898B9 /* WCCommonListViewController.m in Sources */ = {isa = PBXBuildFile; fileRef = F9B2484325834637001898B9 /* WCCommonListViewController.m */; };
		F9B2484F25834637001898B9 /* WCNavigationController.m in Sources */ = {isa = PBXBuildFile; fileRef = F9B2484625834637001898B9 /* WCNavigationController.m */; };
		F9B2485025834637001898B9 /* WCCommonTableViewController.m in Sources */ = {isa = PBXBuildFile; fileRef = F9B2484725834637001898B9 /* WCCommonTableViewController.m */; };
		F9B2485225834685001898B9 /* WCTabBarViewController.h in CopyFiles */ = {isa = PBXBuildFile; fileRef = F9B2483A25834637001898B9 /* WCTabBarViewController.h */; };
		F9B2485325834685001898B9 /* WCCommonListViewController.h in CopyFiles */ = {isa = PBXBuildFile; fileRef = F9B2483B25834637001898B9 /* WCCommonListViewController.h */; };
		F9B2485425834685001898B9 /* WCNavigationController.h in CopyFiles */ = {isa = PBXBuildFile; fileRef = F9B2483D25834637001898B9 /* WCNavigationController.h */; };
		F9B2485525834685001898B9 /* WCCommonTableViewController.h in CopyFiles */ = {isa = PBXBuildFile; fileRef = F9B2483E25834637001898B9 /* WCCommonTableViewController.h */; };
		F9B2485625834685001898B9 /* WCCommonGroupListViewController.h in CopyFiles */ = {isa = PBXBuildFile; fileRef = F9B2484225834637001898B9 /* WCCommonGroupListViewController.h */; };
		F9B2485725834685001898B9 /* WCCommonGridViewController.h in CopyFiles */ = {isa = PBXBuildFile; fileRef = F9B2484425834637001898B9 /* WCCommonGridViewController.h */; };
		F9B2485825834685001898B9 /* WCCommonViewController.h in CopyFiles */ = {isa = PBXBuildFile; fileRef = F9B2484525834637001898B9 /* WCCommonViewController.h */; };
		F9B2485925834685001898B9 /* WCStyleSelectableTableViewController.h in CopyFiles */ = {isa = PBXBuildFile; fileRef = F9B2484825834637001898B9 /* WCStyleSelectableTableViewController.h */; };
		F9BFE57125820A66003FDE23 /* WCCommon.m in Sources */ = {isa = PBXBuildFile; fileRef = F9BFE57025820A66003FDE23 /* WCCommon.m */; };
		F9BFE57225820A66003FDE23 /* WCCommon.h in CopyFiles */ = {isa = PBXBuildFile; fileRef = F9BFE56F25820A66003FDE23 /* WCCommon.h */; };
		F9BFE58925821140003FDE23 /* WCCommonUI.m in Sources */ = {isa = PBXBuildFile; fileRef = F9BFE57D25820FA2003FDE23 /* WCCommonUI.m */; };
		F9BFE58B25821143003FDE23 /* QMUIConfigurationTemplate.m in Sources */ = {isa = PBXBuildFile; fileRef = F9BFE57A25820AB0003FDE23 /* QMUIConfigurationTemplate.m */; };
		F9BFE5A9258214F2003FDE23 /* WCCommonUI.h in CopyFiles */ = {isa = PBXBuildFile; fileRef = F9BFE57C25820FA2003FDE23 /* WCCommonUI.h */; };
		F9BFE6D025830A66003FDE23 /* QDThemeManager.h in CopyFiles */ = {isa = PBXBuildFile; fileRef = F923C296258237B400D7EB44 /* QDThemeManager.h */; };
/* End PBXBuildFile section */

/* Begin PBXCopyFilesBuildPhase section */
		F9BFE56A25820A66003FDE23 /* CopyFiles */ = {
			isa = PBXCopyFilesBuildPhase;
			buildActionMask = 2147483647;
			dstPath = "include/$(PRODUCT_NAME)";
			dstSubfolderSpec = 16;
			files = (
				F94E6DC2258615D900C48935 /* WCBaseResHelper.h in CopyFiles */,
				F94E6DC0258615D100C48935 /* WCResProtocol.h in CopyFiles */,
				F9B2485225834685001898B9 /* WCTabBarViewController.h in CopyFiles */,
				F9B2485325834685001898B9 /* WCCommonListViewController.h in CopyFiles */,
				F9B2485425834685001898B9 /* WCNavigationController.h in CopyFiles */,
				F9B2485525834685001898B9 /* WCCommonTableViewController.h in CopyFiles */,
				F9B2485625834685001898B9 /* WCCommonGroupListViewController.h in CopyFiles */,
				F9B2485725834685001898B9 /* WCCommonGridViewController.h in CopyFiles */,
				F9B2485825834685001898B9 /* WCCommonViewController.h in CopyFiles */,
				F9B2485925834685001898B9 /* WCStyleSelectableTableViewController.h in CopyFiles */,
				F9BFE6D025830A66003FDE23 /* QDThemeManager.h in CopyFiles */,
				F923C2D325824BAE00D7EB44 /* QDThemeProtocol.h in CopyFiles */,
				F9BFE5A9258214F2003FDE23 /* WCCommonUI.h in CopyFiles */,
				F9BFE57225820A66003FDE23 /* WCCommon.h in CopyFiles */,
			);
			runOnlyForDeploymentPostprocessing = 0;
		};
/* End PBXCopyFilesBuildPhase section */

/* Begin PBXFileReference section */
		65D02760F4E18DDD0CA1312A /* Pods-WCCommon.release.xcconfig */ = {isa = PBXFileReference; includeInIndex = 1; lastKnownFileType = text.xcconfig; name = "Pods-WCCommon.release.xcconfig"; path = "Target Support Files/Pods-WCCommon/Pods-WCCommon.release.xcconfig"; sourceTree = "<group>"; };
		B74CC060E588AAB8F7E9D12E /* libPods-WCCommon.a */ = {isa = PBXFileReference; explicitFileType = archive.ar; includeInIndex = 0; path = "libPods-WCCommon.a"; sourceTree = BUILT_PRODUCTS_DIR; };
		D881CB238BFA15480F8A1518 /* Pods-WCCommon.debug.xcconfig */ = {isa = PBXFileReference; includeInIndex = 1; lastKnownFileType = text.xcconfig; name = "Pods-WCCommon.debug.xcconfig"; path = "Target Support Files/Pods-WCCommon/Pods-WCCommon.debug.xcconfig"; sourceTree = "<group>"; };
		F923C295258237B400D7EB44 /* QMUIConfigurationTemplatePinkRose.m */ = {isa = PBXFileReference; fileEncoding = 4; lastKnownFileType = sourcecode.c.objc; path = QMUIConfigurationTemplatePinkRose.m; sourceTree = "<group>"; };
		F923C296258237B400D7EB44 /* QDThemeManager.h */ = {isa = PBXFileReference; fileEncoding = 4; lastKnownFileType = sourcecode.c.h; path = QDThemeManager.h; sourceTree = "<group>"; };
		F923C297258237B400D7EB44 /* QDThemeManager.m */ = {isa = PBXFileReference; fileEncoding = 4; lastKnownFileType = sourcecode.c.objc; path = QDThemeManager.m; sourceTree = "<group>"; };
		F923C298258237B400D7EB44 /* QDThemeProtocol.h */ = {isa = PBXFileReference; fileEncoding = 4; lastKnownFileType = sourcecode.c.h; path = QDThemeProtocol.h; sourceTree = "<group>"; };
		F923C299258237B400D7EB44 /* QMUIConfigurationTemplateGrapefruit.h */ = {isa = PBXFileReference; fileEncoding = 4; lastKnownFileType = sourcecode.c.h; path = QMUIConfigurationTemplateGrapefruit.h; sourceTree = "<group>"; };
		F923C29A258237B400D7EB44 /* QMUIConfigurationTemplateDark.h */ = {isa = PBXFileReference; fileEncoding = 4; lastKnownFileType = sourcecode.c.h; path = QMUIConfigurationTemplateDark.h; sourceTree = "<group>"; };
		F923C29B258237B400D7EB44 /* QMUIConfigurationTemplateGrapefruit.m */ = {isa = PBXFileReference; fileEncoding = 4; lastKnownFileType = sourcecode.c.objc; path = QMUIConfigurationTemplateGrapefruit.m; sourceTree = "<group>"; };
		F923C29C258237B400D7EB44 /* QMUIConfigurationTemplateGrass.h */ = {isa = PBXFileReference; fileEncoding = 4; lastKnownFileType = sourcecode.c.h; path = QMUIConfigurationTemplateGrass.h; sourceTree = "<group>"; };
		F923C29D258237B400D7EB44 /* QMUIConfigurationTemplateGrass.m */ = {isa = PBXFileReference; fileEncoding = 4; lastKnownFileType = sourcecode.c.objc; path = QMUIConfigurationTemplateGrass.m; sourceTree = "<group>"; };
		F923C29E258237B400D7EB44 /* QMUIConfigurationTemplateDark.m */ = {isa = PBXFileReference; fileEncoding = 4; lastKnownFileType = sourcecode.c.objc; path = QMUIConfigurationTemplateDark.m; sourceTree = "<group>"; };
		F923C29F258237B400D7EB44 /* QMUIConfigurationTemplatePinkRose.h */ = {isa = PBXFileReference; fileEncoding = 4; lastKnownFileType = sourcecode.c.h; path = QMUIConfigurationTemplatePinkRose.h; sourceTree = "<group>"; };
		F923C2A6258238F900D7EB44 /* WCUIHelper.h */ = {isa = PBXFileReference; fileEncoding = 4; lastKnownFileType = sourcecode.c.h; path = WCUIHelper.h; sourceTree = "<group>"; };
		F923C2A7258238F900D7EB44 /* WCUIHelper.m */ = {isa = PBXFileReference; fileEncoding = 4; lastKnownFileType = sourcecode.c.objc; path = WCUIHelper.m; sourceTree = "<group>"; };
		F94E6DB6258613CA00C48935 /* WCResProtocol.h */ = {isa = PBXFileReference; lastKnownFileType = sourcecode.c.h; path = WCResProtocol.h; sourceTree = "<group>"; };
		F94E6DB82586158100C48935 /* WCBaseResHelper.h */ = {isa = PBXFileReference; lastKnownFileType = sourcecode.c.h; path = WCBaseResHelper.h; sourceTree = "<group>"; };
		F94E6DB92586158100C48935 /* WCBaseResHelper.m */ = {isa = PBXFileReference; lastKnownFileType = sourcecode.c.objc; path = WCBaseResHelper.m; sourceTree = "<group>"; };
		F9B2483925834637001898B9 /* WCCommonGroupListViewController.m */ = {isa = PBXFileReference; fileEncoding = 4; lastKnownFileType = sourcecode.c.objc; path = WCCommonGroupListViewController.m; sourceTree = "<group>"; };
		F9B2483A25834637001898B9 /* WCTabBarViewController.h */ = {isa = PBXFileReference; fileEncoding = 4; lastKnownFileType = sourcecode.c.h; path = WCTabBarViewController.h; sourceTree = "<group>"; };
		F9B2483B25834637001898B9 /* WCCommonListViewController.h */ = {isa = PBXFileReference; fileEncoding = 4; lastKnownFileType = sourcecode.c.h; path = WCCommonListViewController.h; sourceTree = "<group>"; };
		F9B2483C25834637001898B9 /* WCCommonViewController.m */ = {isa = PBXFileReference; fileEncoding = 4; lastKnownFileType = sourcecode.c.objc; path = WCCommonViewController.m; sourceTree = "<group>"; };
		F9B2483D25834637001898B9 /* WCNavigationController.h */ = {isa = PBXFileReference; fileEncoding = 4; lastKnownFileType = sourcecode.c.h; path = WCNavigationController.h; sourceTree = "<group>"; };
		F9B2483E25834637001898B9 /* WCCommonTableViewController.h */ = {isa = PBXFileReference; fileEncoding = 4; lastKnownFileType = sourcecode.c.h; path = WCCommonTableViewController.h; sourceTree = "<group>"; };
		F9B2483F25834637001898B9 /* WCCommonGridViewController.m */ = {isa = PBXFileReference; fileEncoding = 4; lastKnownFileType = sourcecode.c.objc; path = WCCommonGridViewController.m; sourceTree = "<group>"; };
		F9B2484025834637001898B9 /* WCStyleSelectableTableViewController.m */ = {isa = PBXFileReference; fileEncoding = 4; lastKnownFileType = sourcecode.c.objc; path = WCStyleSelectableTableViewController.m; sourceTree = "<group>"; };
		F9B2484125834637001898B9 /* WCTabBarViewController.m */ = {isa = PBXFileReference; fileEncoding = 4; lastKnownFileType = sourcecode.c.objc; path = WCTabBarViewController.m; sourceTree = "<group>"; };
		F9B2484225834637001898B9 /* WCCommonGroupListViewController.h */ = {isa = PBXFileReference; fileEncoding = 4; lastKnownFileType = sourcecode.c.h; path = WCCommonGroupListViewController.h; sourceTree = "<group>"; };
		F9B2484325834637001898B9 /* WCCommonListViewController.m */ = {isa = PBXFileReference; fileEncoding = 4; lastKnownFileType = sourcecode.c.objc; path = WCCommonListViewController.m; sourceTree = "<group>"; };
		F9B2484425834637001898B9 /* WCCommonGridViewController.h */ = {isa = PBXFileReference; fileEncoding = 4; lastKnownFileType = sourcecode.c.h; path = WCCommonGridViewController.h; sourceTree = "<group>"; };
		F9B2484525834637001898B9 /* WCCommonViewController.h */ = {isa = PBXFileReference; fileEncoding = 4; lastKnownFileType = sourcecode.c.h; path = WCCommonViewController.h; sourceTree = "<group>"; };
		F9B2484625834637001898B9 /* WCNavigationController.m */ = {isa = PBXFileReference; fileEncoding = 4; lastKnownFileType = sourcecode.c.objc; path = WCNavigationController.m; sourceTree = "<group>"; };
		F9B2484725834637001898B9 /* WCCommonTableViewController.m */ = {isa = PBXFileReference; fileEncoding = 4; lastKnownFileType = sourcecode.c.objc; path = WCCommonTableViewController.m; sourceTree = "<group>"; };
		F9B2484825834637001898B9 /* WCStyleSelectableTableViewController.h */ = {isa = PBXFileReference; fileEncoding = 4; lastKnownFileType = sourcecode.c.h; path = WCStyleSelectableTableViewController.h; sourceTree = "<group>"; };
		F9BFE56C25820A66003FDE23 /* libWCCommon.a */ = {isa = PBXFileReference; explicitFileType = archive.ar; includeInIndex = 0; path = libWCCommon.a; sourceTree = BUILT_PRODUCTS_DIR; };
		F9BFE56F25820A66003FDE23 /* WCCommon.h */ = {isa = PBXFileReference; lastKnownFileType = sourcecode.c.h; path = WCCommon.h; sourceTree = "<group>"; };
		F9BFE57025820A66003FDE23 /* WCCommon.m */ = {isa = PBXFileReference; lastKnownFileType = sourcecode.c.objc; path = WCCommon.m; sourceTree = "<group>"; };
		F9BFE57925820AB0003FDE23 /* QMUIConfigurationTemplate.h */ = {isa = PBXFileReference; fileEncoding = 4; lastKnownFileType = sourcecode.c.h; path = QMUIConfigurationTemplate.h; sourceTree = "<group>"; };
		F9BFE57A25820AB0003FDE23 /* QMUIConfigurationTemplate.m */ = {isa = PBXFileReference; fileEncoding = 4; lastKnownFileType = sourcecode.c.objc; path = QMUIConfigurationTemplate.m; sourceTree = "<group>"; };
		F9BFE57C25820FA2003FDE23 /* WCCommonUI.h */ = {isa = PBXFileReference; lastKnownFileType = sourcecode.c.h; path = WCCommonUI.h; sourceTree = "<group>"; };
		F9BFE57D25820FA2003FDE23 /* WCCommonUI.m */ = {isa = PBXFileReference; lastKnownFileType = sourcecode.c.objc; path = WCCommonUI.m; sourceTree = "<group>"; };
		F9BFE6EC2583178B003FDE23 /* WCCommon.podspec */ = {isa = PBXFileReference; explicitFileType = text.script.ruby; indentWidth = 2; path = WCCommon.podspec; sourceTree = "<group>"; tabWidth = 2; xcLanguageSpecificationIdentifier = xcode.lang.ruby; };
/* End PBXFileReference section */

/* Begin PBXFrameworksBuildPhase section */
		F9BFE56925820A66003FDE23 /* Frameworks */ = {
			isa = PBXFrameworksBuildPhase;
			buildActionMask = 2147483647;
			files = (
				DCBDD2218566FCC28C8DF918 /* libPods-WCCommon.a in Frameworks */,
			);
			runOnlyForDeploymentPostprocessing = 0;
		};
/* End PBXFrameworksBuildPhase section */

/* Begin PBXGroup section */
		8B90813F17D8C811AEA781FA /* Pods */ = {
			isa = PBXGroup;
			children = (
				D881CB238BFA15480F8A1518 /* Pods-WCCommon.debug.xcconfig */,
				65D02760F4E18DDD0CA1312A /* Pods-WCCommon.release.xcconfig */,
			);
			name = Pods;
			path = ../Pods;
			sourceTree = "<group>";
		};
		B1B609A2044E51581DA4223E /* Frameworks */ = {
			isa = PBXGroup;
			children = (
				B74CC060E588AAB8F7E9D12E /* libPods-WCCommon.a */,
			);
			name = Frameworks;
			sourceTree = "<group>";
		};
		F9B2483825834637001898B9 /* Controllers */ = {
			isa = PBXGroup;
			children = (
				F9B2484425834637001898B9 /* WCCommonGridViewController.h */,
				F9B2483F25834637001898B9 /* WCCommonGridViewController.m */,
				F9B2484225834637001898B9 /* WCCommonGroupListViewController.h */,
				F9B2483925834637001898B9 /* WCCommonGroupListViewController.m */,
				F9B2483B25834637001898B9 /* WCCommonListViewController.h */,
				F9B2484325834637001898B9 /* WCCommonListViewController.m */,
				F9B2483E25834637001898B9 /* WCCommonTableViewController.h */,
				F9B2484725834637001898B9 /* WCCommonTableViewController.m */,
				F9B2484525834637001898B9 /* WCCommonViewController.h */,
				F9B2483C25834637001898B9 /* WCCommonViewController.m */,
				F9B2483D25834637001898B9 /* WCNavigationController.h */,
				F9B2484625834637001898B9 /* WCNavigationController.m */,
				F9B2484825834637001898B9 /* WCStyleSelectableTableViewController.h */,
				F9B2484025834637001898B9 /* WCStyleSelectableTableViewController.m */,
				F9B2483A25834637001898B9 /* WCTabBarViewController.h */,
				F9B2484125834637001898B9 /* WCTabBarViewController.m */,
			);
			path = Controllers;
			sourceTree = "<group>";
		};
		F9BFE56325820A66003FDE23 = {
			isa = PBXGroup;
			children = (
				F9BFE6EB25831776003FDE23 /* Supporting Files */,
				F9BFE56E25820A66003FDE23 /* WCCommon */,
				F9BFE56D25820A66003FDE23 /* Products */,
				8B90813F17D8C811AEA781FA /* Pods */,
				B1B609A2044E51581DA4223E /* Frameworks */,
			);
			sourceTree = "<group>";
		};
		F9BFE56D25820A66003FDE23 /* Products */ = {
			isa = PBXGroup;
			children = (
				F9BFE56C25820A66003FDE23 /* libWCCommon.a */,
			);
			name = Products;
			sourceTree = "<group>";
		};
		F9BFE56E25820A66003FDE23 /* WCCommon */ = {
			isa = PBXGroup;
			children = (
				F9B2483825834637001898B9 /* Controllers */,
				F9BFE57E25820FA2003FDE23 /* Utils */,
				F9BFE57B25820AB0003FDE23 /* Configuration */,
				F9BFE56F25820A66003FDE23 /* WCCommon.h */,
				F9BFE57025820A66003FDE23 /* WCCommon.m */,
			);
			path = WCCommon;
			sourceTree = "<group>";
		};
		F9BFE57B25820AB0003FDE23 /* Configuration */ = {
			isa = PBXGroup;
			children = (
				F923C296258237B400D7EB44 /* QDThemeManager.h */,
				F923C297258237B400D7EB44 /* QDThemeManager.m */,
				F923C298258237B400D7EB44 /* QDThemeProtocol.h */,
				F923C29A258237B400D7EB44 /* QMUIConfigurationTemplateDark.h */,
				F923C29E258237B400D7EB44 /* QMUIConfigurationTemplateDark.m */,
				F923C299258237B400D7EB44 /* QMUIConfigurationTemplateGrapefruit.h */,
				F923C29B258237B400D7EB44 /* QMUIConfigurationTemplateGrapefruit.m */,
				F923C29C258237B400D7EB44 /* QMUIConfigurationTemplateGrass.h */,
				F923C29D258237B400D7EB44 /* QMUIConfigurationTemplateGrass.m */,
				F923C29F258237B400D7EB44 /* QMUIConfigurationTemplatePinkRose.h */,
				F923C295258237B400D7EB44 /* QMUIConfigurationTemplatePinkRose.m */,
				F9BFE57925820AB0003FDE23 /* QMUIConfigurationTemplate.h */,
				F9BFE57A25820AB0003FDE23 /* QMUIConfigurationTemplate.m */,
				F94E6DB6258613CA00C48935 /* WCResProtocol.h */,
			);
			path = Configuration;
			sourceTree = "<group>";
		};
		F9BFE57E25820FA2003FDE23 /* Utils */ = {
			isa = PBXGroup;
			children = (
				F923C2A6258238F900D7EB44 /* WCUIHelper.h */,
				F923C2A7258238F900D7EB44 /* WCUIHelper.m */,
				F9BFE57C25820FA2003FDE23 /* WCCommonUI.h */,
				F9BFE57D25820FA2003FDE23 /* WCCommonUI.m */,
				F94E6DB82586158100C48935 /* WCBaseResHelper.h */,
				F94E6DB92586158100C48935 /* WCBaseResHelper.m */,
			);
			path = Utils;
			sourceTree = "<group>";
		};
		F9BFE6EB25831776003FDE23 /* Supporting Files */ = {
			isa = PBXGroup;
			children = (
				F9BFE6EC2583178B003FDE23 /* WCCommon.podspec */,
			);
			name = "Supporting Files";
			sourceTree = "<group>";
		};
/* End PBXGroup section */

/* Begin PBXNativeTarget section */
		F9BFE56B25820A66003FDE23 /* WCCommon */ = {
			isa = PBXNativeTarget;
			buildConfigurationList = F9BFE57525820A66003FDE23 /* Build configuration list for PBXNativeTarget "WCCommon" */;
			buildPhases = (
				C13FC7545847D53D8E7601FB /* [CP] Check Pods Manifest.lock */,
				F9BFE56825820A66003FDE23 /* Sources */,
				F9BFE56925820A66003FDE23 /* Frameworks */,
				F9BFE56A25820A66003FDE23 /* CopyFiles */,
			);
			buildRules = (
			);
			dependencies = (
			);
			name = WCCommon;
			productName = WCCommon;
			productReference = F9BFE56C25820A66003FDE23 /* libWCCommon.a */;
			productType = "com.apple.product-type.library.static";
		};
/* End PBXNativeTarget section */

/* Begin PBXProject section */
		F9BFE56425820A66003FDE23 /* Project object */ = {
			isa = PBXProject;
			attributes = {
				LastUpgradeCheck = 1220;
				TargetAttributes = {
					F9BFE56B25820A66003FDE23 = {
						CreatedOnToolsVersion = 12.2;
					};
				};
			};
			buildConfigurationList = F9BFE56725820A66003FDE23 /* Build configuration list for PBXProject "WCCommon" */;
			compatibilityVersion = "Xcode 9.3";
			developmentRegion = en;
			hasScannedForEncodings = 0;
			knownRegions = (
				en,
				Base,
			);
			mainGroup = F9BFE56325820A66003FDE23;
			productRefGroup = F9BFE56D25820A66003FDE23 /* Products */;
			projectDirPath = "";
			projectRoot = "";
			targets = (
				F9BFE56B25820A66003FDE23 /* WCCommon */,
			);
		};
/* End PBXProject section */

/* Begin PBXShellScriptBuildPhase section */
		C13FC7545847D53D8E7601FB /* [CP] Check Pods Manifest.lock */ = {
			isa = PBXShellScriptBuildPhase;
			buildActionMask = 2147483647;
			files = (
			);
			inputFileListPaths = (
			);
			inputPaths = (
				"${PODS_PODFILE_DIR_PATH}/Podfile.lock",
				"${PODS_ROOT}/Manifest.lock",
			);
			name = "[CP] Check Pods Manifest.lock";
			outputFileListPaths = (
			);
			outputPaths = (
				"$(DERIVED_FILE_DIR)/Pods-WCCommon-checkManifestLockResult.txt",
			);
			runOnlyForDeploymentPostprocessing = 0;
			shellPath = /bin/sh;
			shellScript = "diff \"${PODS_PODFILE_DIR_PATH}/Podfile.lock\" \"${PODS_ROOT}/Manifest.lock\" > /dev/null\nif [ $? != 0 ] ; then\n    # print error to STDERR\n    echo \"error: The sandbox is not in sync with the Podfile.lock. Run 'pod install' or update your CocoaPods installation.\" >&2\n    exit 1\nfi\n# This output is used by Xcode 'outputs' to avoid re-running this script phase.\necho \"SUCCESS\" > \"${SCRIPT_OUTPUT_FILE_0}\"\n";
			showEnvVarsInLog = 0;
		};
/* End PBXShellScriptBuildPhase section */

/* Begin PBXSourcesBuildPhase section */
		F9BFE56825820A66003FDE23 /* Sources */ = {
			isa = PBXSourcesBuildPhase;
			buildActionMask = 2147483647;
			files = (
				F9B2484925834637001898B9 /* WCCommonGroupListViewController.m in Sources */,
				F9B2484A25834637001898B9 /* WCCommonViewController.m in Sources */,
				F923C2A1258237B400D7EB44 /* QDThemeManager.m in Sources */,
				F9BFE58925821140003FDE23 /* WCCommonUI.m in Sources */,
				F923C2A8258238F900D7EB44 /* WCUIHelper.m in Sources */,
				F9B2485025834637001898B9 /* WCCommonTableViewController.m in Sources */,
				F9B2484D25834637001898B9 /* WCTabBarViewController.m in Sources */,
				F9B2484E25834637001898B9 /* WCCommonListViewController.m in Sources */,
				F923C2A0258237B400D7EB44 /* QMUIConfigurationTemplatePinkRose.m in Sources */,
				F9B2484B25834637001898B9 /* WCCommonGridViewController.m in Sources */,
				F923C2A3258237B400D7EB44 /* QMUIConfigurationTemplateGrass.m in Sources */,
				F9B2484C25834637001898B9 /* WCStyleSelectableTableViewController.m in Sources */,
				F923C2A4258237B400D7EB44 /* QMUIConfigurationTemplateDark.m in Sources */,
				F9B2484F25834637001898B9 /* WCNavigationController.m in Sources */,
				F9BFE57125820A66003FDE23 /* WCCommon.m in Sources */,
				F94E6DBA2586158100C48935 /* WCBaseResHelper.m in Sources */,
				F9BFE58B25821143003FDE23 /* QMUIConfigurationTemplate.m in Sources */,
				F923C2A2258237B400D7EB44 /* QMUIConfigurationTemplateGrapefruit.m in Sources */,
			);
			runOnlyForDeploymentPostprocessing = 0;
		};
/* End PBXSourcesBuildPhase section */

/* Begin XCBuildConfiguration section */
		F9BFE57325820A66003FDE23 /* Debug */ = {
			isa = XCBuildConfiguration;
			buildSettings = {
				ALWAYS_SEARCH_USER_PATHS = NO;
				CLANG_ANALYZER_NONNULL = YES;
				CLANG_ANALYZER_NUMBER_OBJECT_CONVERSION = YES_AGGRESSIVE;
				CLANG_CXX_LANGUAGE_STANDARD = "gnu++14";
				CLANG_CXX_LIBRARY = "libc++";
				CLANG_ENABLE_MODULES = YES;
				CLANG_ENABLE_OBJC_ARC = YES;
				CLANG_ENABLE_OBJC_WEAK = YES;
				CLANG_WARN_BLOCK_CAPTURE_AUTORELEASING = YES;
				CLANG_WARN_BOOL_CONVERSION = YES;
				CLANG_WARN_COMMA = YES;
				CLANG_WARN_CONSTANT_CONVERSION = YES;
				CLANG_WARN_DEPRECATED_OBJC_IMPLEMENTATIONS = YES;
				CLANG_WARN_DIRECT_OBJC_ISA_USAGE = YES_ERROR;
				CLANG_WARN_DOCUMENTATION_COMMENTS = YES;
				CLANG_WARN_EMPTY_BODY = YES;
				CLANG_WARN_ENUM_CONVERSION = YES;
				CLANG_WARN_INFINITE_RECURSION = YES;
				CLANG_WARN_INT_CONVERSION = YES;
				CLANG_WARN_NON_LITERAL_NULL_CONVERSION = YES;
				CLANG_WARN_OBJC_IMPLICIT_RETAIN_SELF = YES;
				CLANG_WARN_OBJC_LITERAL_CONVERSION = YES;
				CLANG_WARN_OBJC_ROOT_CLASS = YES_ERROR;
				CLANG_WARN_QUOTED_INCLUDE_IN_FRAMEWORK_HEADER = YES;
				CLANG_WARN_RANGE_LOOP_ANALYSIS = YES;
				CLANG_WARN_STRICT_PROTOTYPES = YES;
				CLANG_WARN_SUSPICIOUS_MOVE = YES;
				CLANG_WARN_UNGUARDED_AVAILABILITY = YES_AGGRESSIVE;
				CLANG_WARN_UNREACHABLE_CODE = YES;
				CLANG_WARN__DUPLICATE_METHOD_MATCH = YES;
				COPY_PHASE_STRIP = NO;
				DEBUG_INFORMATION_FORMAT = dwarf;
				ENABLE_STRICT_OBJC_MSGSEND = YES;
				ENABLE_TESTABILITY = YES;
				GCC_C_LANGUAGE_STANDARD = gnu11;
				GCC_DYNAMIC_NO_PIC = NO;
				GCC_NO_COMMON_BLOCKS = YES;
				GCC_OPTIMIZATION_LEVEL = 0;
				GCC_PREPROCESSOR_DEFINITIONS = (
					"DEBUG=1",
					"$(inherited)",
				);
				GCC_WARN_64_TO_32_BIT_CONVERSION = YES;
				GCC_WARN_ABOUT_RETURN_TYPE = YES_ERROR;
				GCC_WARN_UNDECLARED_SELECTOR = YES;
				GCC_WARN_UNINITIALIZED_AUTOS = YES_AGGRESSIVE;
				GCC_WARN_UNUSED_FUNCTION = YES;
				GCC_WARN_UNUSED_VARIABLE = YES;
				IPHONEOS_DEPLOYMENT_TARGET = 14.2;
				MTL_ENABLE_DEBUG_INFO = INCLUDE_SOURCE;
				MTL_FAST_MATH = YES;
				ONLY_ACTIVE_ARCH = YES;
				SDKROOT = iphoneos;
			};
			name = Debug;
		};
		F9BFE57425820A66003FDE23 /* Release */ = {
			isa = XCBuildConfiguration;
			buildSettings = {
				ALWAYS_SEARCH_USER_PATHS = NO;
				CLANG_ANALYZER_NONNULL = YES;
				CLANG_ANALYZER_NUMBER_OBJECT_CONVERSION = YES_AGGRESSIVE;
				CLANG_CXX_LANGUAGE_STANDARD = "gnu++14";
				CLANG_CXX_LIBRARY = "libc++";
				CLANG_ENABLE_MODULES = YES;
				CLANG_ENABLE_OBJC_ARC = YES;
				CLANG_ENABLE_OBJC_WEAK = YES;
				CLANG_WARN_BLOCK_CAPTURE_AUTORELEASING = YES;
				CLANG_WARN_BOOL_CONVERSION = YES;
				CLANG_WARN_COMMA = YES;
				CLANG_WARN_CONSTANT_CONVERSION = YES;
				CLANG_WARN_DEPRECATED_OBJC_IMPLEMENTATIONS = YES;
				CLANG_WARN_DIRECT_OBJC_ISA_USAGE = YES_ERROR;
				CLANG_WARN_DOCUMENTATION_COMMENTS = YES;
				CLANG_WARN_EMPTY_BODY = YES;
				CLANG_WARN_ENUM_CONVERSION = YES;
				CLANG_WARN_INFINITE_RECURSION = YES;
				CLANG_WARN_INT_CONVERSION = YES;
				CLANG_WARN_NON_LITERAL_NULL_CONVERSION = YES;
				CLANG_WARN_OBJC_IMPLICIT_RETAIN_SELF = YES;
				CLANG_WARN_OBJC_LITERAL_CONVERSION = YES;
				CLANG_WARN_OBJC_ROOT_CLASS = YES_ERROR;
				CLANG_WARN_QUOTED_INCLUDE_IN_FRAMEWORK_HEADER = YES;
				CLANG_WARN_RANGE_LOOP_ANALYSIS = YES;
				CLANG_WARN_STRICT_PROTOTYPES = YES;
				CLANG_WARN_SUSPICIOUS_MOVE = YES;
				CLANG_WARN_UNGUARDED_AVAILABILITY = YES_AGGRESSIVE;
				CLANG_WARN_UNREACHABLE_CODE = YES;
				CLANG_WARN__DUPLICATE_METHOD_MATCH = YES;
				COPY_PHASE_STRIP = NO;
				DEBUG_INFORMATION_FORMAT = "dwarf-with-dsym";
				ENABLE_NS_ASSERTIONS = NO;
				ENABLE_STRICT_OBJC_MSGSEND = YES;
				GCC_C_LANGUAGE_STANDARD = gnu11;
				GCC_NO_COMMON_BLOCKS = YES;
				GCC_WARN_64_TO_32_BIT_CONVERSION = YES;
				GCC_WARN_ABOUT_RETURN_TYPE = YES_ERROR;
				GCC_WARN_UNDECLARED_SELECTOR = YES;
				GCC_WARN_UNINITIALIZED_AUTOS = YES_AGGRESSIVE;
				GCC_WARN_UNUSED_FUNCTION = YES;
				GCC_WARN_UNUSED_VARIABLE = YES;
				IPHONEOS_DEPLOYMENT_TARGET = 14.2;
				MTL_ENABLE_DEBUG_INFO = NO;
				MTL_FAST_MATH = YES;
				SDKROOT = iphoneos;
				VALIDATE_PRODUCT = YES;
			};
			name = Release;
		};
		F9BFE57625820A66003FDE23 /* Debug */ = {
			isa = XCBuildConfiguration;
			baseConfigurationReference = D881CB238BFA15480F8A1518 /* Pods-WCCommon.debug.xcconfig */;
			buildSettings = {
				CODE_SIGN_STYLE = Automatic;
				OTHER_LDFLAGS = "-ObjC";
				PRODUCT_NAME = "$(TARGET_NAME)";
				SKIP_INSTALL = YES;
				TARGETED_DEVICE_FAMILY = "1,2";
			};
			name = Debug;
		};
		F9BFE57725820A66003FDE23 /* Release */ = {
			isa = XCBuildConfiguration;
			baseConfigurationReference = 65D02760F4E18DDD0CA1312A /* Pods-WCCommon.release.xcconfig */;
			buildSettings = {
				CODE_SIGN_STYLE = Automatic;
				OTHER_LDFLAGS = "-ObjC";
				PRODUCT_NAME = "$(TARGET_NAME)";
				SKIP_INSTALL = YES;
				TARGETED_DEVICE_FAMILY = "1,2";
			};
			name = Release;
		};
/* End XCBuildConfiguration section */

/* Begin XCConfigurationList section */
		F9BFE56725820A66003FDE23 /* Build configuration list for PBXProject "WCCommon" */ = {
			isa = XCConfigurationList;
			buildConfigurations = (
				F9BFE57325820A66003FDE23 /* Debug */,
				F9BFE57425820A66003FDE23 /* Release */,
			);
			defaultConfigurationIsVisible = 0;
			defaultConfigurationName = Release;
		};
		F9BFE57525820A66003FDE23 /* Build configuration list for PBXNativeTarget "WCCommon" */ = {
			isa = XCConfigurationList;
			buildConfigurations = (
				F9BFE57625820A66003FDE23 /* Debug */,
				F9BFE57725820A66003FDE23 /* Release */,
			);
			defaultConfigurationIsVisible = 0;
			defaultConfigurationName = Release;
		};
/* End XCConfigurationList section */
	};
	rootObject = F9BFE56425820A66003FDE23 /* Project object */;
}
